
Microsoft Visual Studio Solution File, Format Version 12.00
# Visual Studio Version 16
VisualStudioVersion = 16.0.34729.46
MinimumVisualStudioVersion = 10.0.40219.1
Project("{FAE04EC0-301F-11D3-BF4B-00C04F79EFBC}") = "SuperMarketWindowsAPP", "SuperMarketWindowsAPP\SuperMarketWindowsAPP.csproj", "{12DC3882-BED3-4ECB-9F7C-9D205950508D}"
EndProject
Global
	GlobalSection(SolutionConfigurationPlatforms) = preSolution
		Debug|Any CPU = Debug|Any CPU
		Release|Any CPU = Release|Any CPU
	EndGlobalSection
	GlobalSection(ProjectConfigurationPlatforms) = postSolution
		{12DC3882-BED3-4ECB-9F7C-9D205950508D}.Debug|Any CPU.ActiveCfg = Debug|Any CPU
		{12DC3882-BED3-4ECB-9F7C-9D205950508D}.Debug|Any CPU.Build.0 = Debug|Any CPU
		{12DC3882-BED3-4ECB-9F7C-9D205950508D}.Release|Any CPU.ActiveCfg = Release|Any CPU
		{12DC3882-BED3-4ECB-9F7C-9D205950508D}.Release|Any CPU.Build.0 = Release|Any CPU
	EndGlobalSection
	GlobalSection(SolutionProperties) = preSolution
		HideSolutionNode = FALSE
	EndGlobalSection
	GlobalSection(ExtensibilityGlobals) = postSolution
		SolutionGuid = {CEC56FD7-E12F-41D9-82BC-B967B7A5C918}
	EndGlobalSection
EndGlobal
